
Microsoft Visual Studio Solution File, Format Version 12.00
# Visual Studio Version 16
VisualStudioVersion = 16.0.32002.261
MinimumVisualStudioVersion = 10.0.40219.1
Project("{FAE04EC0-301F-11D3-BF4B-00C04F79EFBC}") = "ClassLibrary2", "ClassLibrary2\ClassLibrary2.csproj", "{15855167-54D0-4983-9EDB-4977737512DB}"
EndProject
Global
	GlobalSection(SolutionConfigurationPlatforms) = preSolution
		Debug|Any CPU = Debug|Any CPU
		Release|Any CPU = Release|Any CPU
	EndGlobalSection
	GlobalSection(ProjectConfigurationPlatforms) = postSolution
		{15855167-54D0-4983-9EDB-4977737512DB}.Debug|Any CPU.ActiveCfg = Debug|Any CPU
		{15855167-54D0-4983-9EDB-4977737512DB}.Debug|Any CPU.Build.0 = Debug|Any CPU
		{15855167-54D0-4983-9EDB-4977737512DB}.Release|Any CPU.ActiveCfg = Release|Any CPU
		{15855167-54D0-4983-9EDB-4977737512DB}.Release|Any CPU.Build.0 = Release|Any CPU
	EndGlobalSection
	GlobalSection(SolutionProperties) = preSolution
		HideSolutionNode = FALSE
	EndGlobalSection
	GlobalSection(ExtensibilityGlobals) = postSolution
		SolutionGuid = {D42B9BFC-2E78-45C8-98B9-DE54829183DA}
	EndGlobalSection
EndGlobal
